{
  "name": "ddn-server-ui",
  "version": "1.3.1",
  "lockfileVersion": 1,
  "requires": true,
  "dependencies": {
    "bootstrap": {
      "version": "4.0.0-beta",
      "resolved": "https://registry.npmjs.org/bootstrap/-/bootstrap-4.0.0-beta.tgz",
      "integrity": "sha512-I/r3fYtUZr+rUNkh8HI+twxZ56p6ehNn27eA1XSebLVQKAJ2xZHnEvZrSR+UR2A/bONcd9gHC3xatVhQlH6R6w=="
    },
    "datatables.net": {
      "version": "1.10.15",
      "resolved": "https://registry.npmjs.org/datatables.net/-/datatables.net-1.10.15.tgz",
      "integrity": "sha1-x4kHe7/jhedf9aIz+l8jJRpy32g=",
      "requires": {
        "jquery": "3.2.1"
      }
    },
    "datatables.net-bs4": {
      "version": "1.10.15",
      "resolved": "https://registry.npmjs.org/datatables.net-bs4/-/datatables.net-bs4-1.10.15.tgz",
      "integrity": "sha1-wFmYWevB9u9YarFM8fagenJDzx4=",
      "requires": {
        "datatables.net": "1.10.15",
        "jquery": "3.2.1"
      }
    },
    "font-awesome": {
      "version": "4.7.0",
      "resolved": "https://registry.npmjs.org/font-awesome/-/font-awesome-4.7.0.tgz",
      "integrity": "sha1-j6jPBBGhoxr9B7BtKQK7n8gVoTM="
    },
    "jquery": {
      "version": "3.2.1",
      "resolved": "https://registry.npmjs.org/jquery/-/jquery-3.2.1.tgz",
      "integrity": "sha1-XE2d5lKvbNCncBVKYxu6ErAVx4c="
    },
    "popper.js": {
      "version": "1.12.1",
      "resolved": "https://registry.npmjs.org/popper.js/-/popper.js-1.12.1.tgz",
      "integrity": "sha512-59VchsBgHjWOu97xpYIqd/khBcY+rLJM0eAZVR9/p9sH/NQ1xtNP+L8L3b09cnWjS3+/ZWFBRwxVCTBXemXCHQ=="
    }
  }
}
